
Microsoft Visual Studio Solution File, Format Version 12.00
# Visual Studio Version 17
VisualStudioVersion = 17.8.34330.188
MinimumVisualStudioVersion = 10.0.40219.1
Project("{9A19103F-16F7-4668-BE54-9A1E7A4F7556}") = "PatientsAPI", "PatientsAPI\PatientsAPI.csproj", "{4E829AF6-6523-4657-B044-01D6B5849CC3}"
EndProject
Project("{E53339B2-1760-4266-BCC7-CA923CBCF16C}") = "docker-compose", "docker-compose.dcproj", "{9F0BEC3D-6DE4-45CA-8290-B74B1FEDBC33}"
EndProject
Project("{9A19103F-16F7-4668-BE54-9A1E7A4F7556}") = "ConsoleGeneratePatients", "ConsoleGeneratePatients\ConsoleGeneratePatients.csproj", "{D86720CD-B018-4EC8-9A66-7997FFEB7448}"
EndProject
Global
	GlobalSection(SolutionConfigurationPlatforms) = preSolution
		Debug|Any CPU = Debug|Any CPU
		Release|Any CPU = Release|Any CPU
	EndGlobalSection
	GlobalSection(ProjectConfigurationPlatforms) = postSolution
		{4E829AF6-6523-4657-B044-01D6B5849CC3}.Debug|Any CPU.ActiveCfg = Debug|Any CPU
		{4E829AF6-6523-4657-B044-01D6B5849CC3}.Debug|Any CPU.Build.0 = Debug|Any CPU
		{4E829AF6-6523-4657-B044-01D6B5849CC3}.Release|Any CPU.ActiveCfg = Release|Any CPU
		{4E829AF6-6523-4657-B044-01D6B5849CC3}.Release|Any CPU.Build.0 = Release|Any CPU
		{9F0BEC3D-6DE4-45CA-8290-B74B1FEDBC33}.Debug|Any CPU.ActiveCfg = Debug|Any CPU
		{9F0BEC3D-6DE4-45CA-8290-B74B1FEDBC33}.Debug|Any CPU.Build.0 = Debug|Any CPU
		{9F0BEC3D-6DE4-45CA-8290-B74B1FEDBC33}.Release|Any CPU.ActiveCfg = Release|Any CPU
		{9F0BEC3D-6DE4-45CA-8290-B74B1FEDBC33}.Release|Any CPU.Build.0 = Release|Any CPU
		{D86720CD-B018-4EC8-9A66-7997FFEB7448}.Debug|Any CPU.ActiveCfg = Debug|Any CPU
		{D86720CD-B018-4EC8-9A66-7997FFEB7448}.Debug|Any CPU.Build.0 = Debug|Any CPU
		{D86720CD-B018-4EC8-9A66-7997FFEB7448}.Release|Any CPU.ActiveCfg = Release|Any CPU
		{D86720CD-B018-4EC8-9A66-7997FFEB7448}.Release|Any CPU.Build.0 = Release|Any CPU
	EndGlobalSection
	GlobalSection(SolutionProperties) = preSolution
		HideSolutionNode = FALSE
	EndGlobalSection
	GlobalSection(ExtensibilityGlobals) = postSolution
		SolutionGuid = {8262AF22-602E-43C0-93DC-B8C2F5129DD7}
	EndGlobalSection
EndGlobal
